
Microsoft Visual Studio Solution File, Format Version 12.00
# Visual Studio Version 16
VisualStudioVersion = 16.0.29709.97
MinimumVisualStudioVersion = 10.0.40219.1
Project("{FAE04EC0-301F-11D3-BF4B-00C04F79EFBC}") = "LinksWebApplication", "LinksWebApplication.csproj", "{CF8AF2CF-CE5A-4A74-8D39-3B018F555908}"
EndProject
Global
	GlobalSection(SolutionConfigurationPlatforms) = preSolution
		Debug|Any CPU = Debug|Any CPU
		Release|Any CPU = Release|Any CPU
	EndGlobalSection
	GlobalSection(ProjectConfigurationPlatforms) = postSolution
		{CF8AF2CF-CE5A-4A74-8D39-3B018F555908}.Debug|Any CPU.ActiveCfg = Debug|Any CPU
		{CF8AF2CF-CE5A-4A74-8D39-3B018F555908}.Debug|Any CPU.Build.0 = Debug|Any CPU
		{CF8AF2CF-CE5A-4A74-8D39-3B018F555908}.Release|Any CPU.ActiveCfg = Release|Any CPU
		{CF8AF2CF-CE5A-4A74-8D39-3B018F555908}.Release|Any CPU.Build.0 = Release|Any CPU
	EndGlobalSection
	GlobalSection(SolutionProperties) = preSolution
		HideSolutionNode = FALSE
	EndGlobalSection
	GlobalSection(ExtensibilityGlobals) = postSolution
		SolutionGuid = {67CDD2F3-F3B0-4B24-A265-BC4BC342C9BC}
	EndGlobalSection
EndGlobal
